
Microsoft Visual Studio Solution File, Format Version 12.00
# Visual Studio Version 17
VisualStudioVersion = 17.14.36717.8 d17.14
MinimumVisualStudioVersion = 10.0.40219.1
Project("{FAE04EC0-301F-11D3-BF4B-00C04F79EFBC}") = "Noodpakketshop", "Noodpakketshop\Noodpakketshop.csproj", "{65ED79E9-591F-4503-98B6-80306CD37941}"
EndProject
Global
	GlobalSection(SolutionConfigurationPlatforms) = preSolution
		Debug|Any CPU = Debug|Any CPU
		Release|Any CPU = Release|Any CPU
	EndGlobalSection
	GlobalSection(ProjectConfigurationPlatforms) = postSolution
		{65ED79E9-591F-4503-98B6-80306CD37941}.Debug|Any CPU.ActiveCfg = Debug|Any CPU
		{65ED79E9-591F-4503-98B6-80306CD37941}.Debug|Any CPU.Build.0 = Debug|Any CPU
		{65ED79E9-591F-4503-98B6-80306CD37941}.Release|Any CPU.ActiveCfg = Release|Any CPU
		{65ED79E9-591F-4503-98B6-80306CD37941}.Release|Any CPU.Build.0 = Release|Any CPU
	EndGlobalSection
	GlobalSection(SolutionProperties) = preSolution
		HideSolutionNode = FALSE
	EndGlobalSection
	GlobalSection(ExtensibilityGlobals) = postSolution
		SolutionGuid = {67D56245-01BF-4854-9A63-5A69E0C64161}
	EndGlobalSection
EndGlobal
